// !$*UTF8*$!
{
	archiveVersion = 1;
	classes = {
	};
	objectVersion = 46;
	objects = {

/* Begin PBXBuildFile section */
		5C99797187BFF41E8EE839A3 /* libPods.a in Frameworks */ = {isa = PBXBuildFile; fileRef = 194FCB2486E562BFEE399460 /* libPods.a */; };
		E5A4BE8B19DF118D000BFE8E /* main.m in Sources */ = {isa = PBXBuildFile; fileRef = E5A4BE8A19DF118D000BFE8E /* main.m */; };
		E5A4BE8E19DF118D000BFE8E /* AppDelegate.m in Sources */ = {isa = PBXBuildFile; fileRef = E5A4BE8D19DF118D000BFE8E /* AppDelegate.m */; };
		E5A4BE9119DF118D000BFE8E /* ViewController.m in Sources */ = {isa = PBXBuildFile; fileRef = E5A4BE9019DF118D000BFE8E /* ViewController.m */; };
		E5A4BE9619DF118D000BFE8E /* Images.xcassets in Resources */ = {isa = PBXBuildFile; fileRef = E5A4BE9519DF118D000BFE8E /* Images.xcassets */; };
		E5A4BEA519DF118D000BFE8E /* _00___Tests.m in Sources */ = {isa = PBXBuildFile; fileRef = E5A4BEA419DF118D000BFE8E /* _00___Tests.m */; };
		E5BA34DB19E3B87B00CB8165 /* SideMenuTableView.m in Sources */ = {isa = PBXBuildFile; fileRef = E5BA34DA19E3B87B00CB8165 /* SideMenuTableView.m */; };
		E5BA34E119E3C22600CB8165 /* sigleMenu.m in Sources */ = {isa = PBXBuildFile; fileRef = E5BA34E019E3C22600CB8165 /* sigleMenu.m */; };
		E5BA34E919E3C3F400CB8165 /* icon1.png in Resources */ = {isa = PBXBuildFile; fileRef = E5BA34E219E3C3F400CB8165 /* icon1.png */; };
		E5BA34EA19E3C3F400CB8165 /* icon2.png in Resources */ = {isa = PBXBuildFile; fileRef = E5BA34E319E3C3F400CB8165 /* icon2.png */; };
		E5BA34EB19E3C3F400CB8165 /* icon3.png in Resources */ = {isa = PBXBuildFile; fileRef = E5BA34E419E3C3F400CB8165 /* icon3.png */; };
		E5BA34EC19E3C3F400CB8165 /* icon4.png in Resources */ = {isa = PBXBuildFile; fileRef = E5BA34E519E3C3F400CB8165 /* icon4.png */; };
		E5BA34ED19E3C3F400CB8165 /* icon5.png in Resources */ = {isa = PBXBuildFile; fileRef = E5BA34E619E3C3F400CB8165 /* icon5.png */; };
		E5BA34EE19E3C3F400CB8165 /* icon6.png in Resources */ = {isa = PBXBuildFile; fileRef = E5BA34E719E3C3F400CB8165 /* icon6.png */; };
		E5BA34EF19E3C3F400CB8165 /* icon7.png in Resources */ = {isa = PBXBuildFile; fileRef = E5BA34E819E3C3F400CB8165 /* icon7.png */; };
		E5BA35F419E704AE00CB8165 /* burger.png in Resources */ = {isa = PBXBuildFile; fileRef = E5BA35F219E704AD00CB8165 /* burger.png */; };
		E5BA35F519E704AE00CB8165 /* burger@2x.png in Resources */ = {isa = PBXBuildFile; fileRef = E5BA35F319E704AE00CB8165 /* burger@2x.png */; };
		E5BA35FA19E70BDF00CB8165 /* CHSideMenu.m in Sources */ = {isa = PBXBuildFile; fileRef = E5BA35F719E70BDF00CB8165 /* CHSideMenu.m */; };
		E5BA35FB19E70BDF00CB8165 /* UIViewController+CHSideMenu.m in Sources */ = {isa = PBXBuildFile; fileRef = E5BA35F919E70BDF00CB8165 /* UIViewController+CHSideMenu.m */; };
		E5BA35FE19E8190A00CB8165 /* SecondViewController.m in Sources */ = {isa = PBXBuildFile; fileRef = E5BA35FD19E8190A00CB8165 /* SecondViewController.m */; };
		E5BA360219E8417400CB8165 /* MainNavgationController.m in Sources */ = {isa = PBXBuildFile; fileRef = E5BA360119E8417400CB8165 /* MainNavgationController.m */; };
		E5BA360619E8457E00CB8165 /* ToolNavgationController.m in Sources */ = {isa = PBXBuildFile; fileRef = E5BA360519E8457E00CB8165 /* ToolNavgationController.m */; };
		E5BA360919E845BE00CB8165 /* ToolTableViewController.m in Sources */ = {isa = PBXBuildFile; fileRef = E5BA360819E845BE00CB8165 /* ToolTableViewController.m */; };
		E5BA360D19E8510E00CB8165 /* SearchViewController.m in Sources */ = {isa = PBXBuildFile; fileRef = E5BA360C19E8510E00CB8165 /* SearchViewController.m */; };
		E5BA360F19E85AA600CB8165 /* background.png in Resources */ = {isa = PBXBuildFile; fileRef = E5BA360E19E85AA600CB8165 /* background.png */; };
		E5BA361119E8D90E00CB8165 /* background101020.png in Resources */ = {isa = PBXBuildFile; fileRef = E5BA361019E8D90E00CB8165 /* background101020.png */; };
		E5BA361519E8DC4F00CB8165 /* RankNavController.m in Sources */ = {isa = PBXBuildFile; fileRef = E5BA361419E8DC4F00CB8165 /* RankNavController.m */; };
		E5BA361819E8DC7800CB8165 /* RankTypeTableViewController.m in Sources */ = {isa = PBXBuildFile; fileRef = E5BA361719E8DC7800CB8165 /* RankTypeTableViewController.m */; };
		E5BA361C19E90D2E00CB8165 /* RankTypeModel.m in Sources */ = {isa = PBXBuildFile; fileRef = E5BA361B19E90D2E00CB8165 /* RankTypeModel.m */; };
		E5BA361F19E9339900CB8165 /* HeroViewController.m in Sources */ = {isa = PBXBuildFile; fileRef = E5BA361E19E9339900CB8165 /* HeroViewController.m */; };
		E5BA362219E98C8200CB8165 /* HeroModel.m in Sources */ = {isa = PBXBuildFile; fileRef = E5BA362119E98C8200CB8165 /* HeroModel.m */; };
		E5BA363319E997DB00CB8165 /* HeroTableViewCell.m in Sources */ = {isa = PBXBuildFile; fileRef = E5BA363219E997DB00CB8165 /* HeroTableViewCell.m */; };
		E5BA363619E9A33400CB8165 /* MainViewController.m in Sources */ = {isa = PBXBuildFile; fileRef = E5BA363519E9A33400CB8165 /* MainViewController.m */; };
		E5BA363919E9A64800CB8165 /* RankTypeTableViewCell.m in Sources */ = {isa = PBXBuildFile; fileRef = E5BA363819E9A64800CB8165 /* RankTypeTableViewCell.m */; };
		E5BA363C19E9A77A00CB8165 /* RankDetailViewController.m in Sources */ = {isa = PBXBuildFile; fileRef = E5BA363B19E9A77A00CB8165 /* RankDetailViewController.m */; };
		E5BA364019E9B03600CB8165 /* logo.png in Resources */ = {isa = PBXBuildFile; fileRef = E5BA363F19E9B03600CB8165 /* logo.png */; };
		E5BA364219E9B08200CB8165 /* logo@2x.png in Resources */ = {isa = PBXBuildFile; fileRef = E5BA364119E9B08200CB8165 /* logo@2x.png */; };
		E5BA364619EA4A8A00CB8165 /* CHHeader.m in Sources */ = {isa = PBXBuildFile; fileRef = E5BA364519EA4A8A00CB8165 /* CHHeader.m */; };
		E5BA364819EA4B8300CB8165 /* image.png in Resources */ = {isa = PBXBuildFile; fileRef = E5BA364719EA4B8300CB8165 /* image.png */; };
		E5BA364A19EA4F9F00CB8165 /* indexbg.png in Resources */ = {isa = PBXBuildFile; fileRef = E5BA364919EA4F9F00CB8165 /* indexbg.png */; };
		E5BA365119EA938000CB8165 /* RankDetailModel.m in Sources */ = {isa = PBXBuildFile; fileRef = E5BA365019EA938000CB8165 /* RankDetailModel.m */; };
		E5BA365419EA957C00CB8165 /* RankDetailTableViewCell.m in Sources */ = {isa = PBXBuildFile; fileRef = E5BA365319EA957C00CB8165 /* RankDetailTableViewCell.m */; };
		E5BA365819EAABB300CB8165 /* SettingTableViewController.m in Sources */ = {isa = PBXBuildFile; fileRef = E5BA365719EAABB300CB8165 /* SettingTableViewController.m */; };
		E5BA365B19EAB5EC00CB8165 /* one.png in Resources */ = {isa = PBXBuildFile; fileRef = E5BA365919EAB5EC00CB8165 /* one.png */; };
		E5BA365C19EAB5EC00CB8165 /* one@2x.png in Resources */ = {isa = PBXBuildFile; fileRef = E5BA365A19EAB5EC00CB8165 /* one@2x.png */; };
		E5BA366119EAB6B000CB8165 /* three.png in Resources */ = {isa = PBXBuildFile; fileRef = E5BA365D19EAB6B000CB8165 /* three.png */; };
		E5BA366219EAB6B000CB8165 /* three@2x.png in Resources */ = {isa = PBXBuildFile; fileRef = E5BA365E19EAB6B000CB8165 /* three@2x.png */; };
		E5BA366319EAB6B000CB8165 /* two.png in Resources */ = {isa = PBXBuildFile; fileRef = E5BA365F19EAB6B000CB8165 /* two.png */; };
		E5BA366419EAB6B000CB8165 /* two@2x.png in Resources */ = {isa = PBXBuildFile; fileRef = E5BA366019EAB6B000CB8165 /* two@2x.png */; };
		E5BA366719EBBA0A00CB8165 /* MatchModel.m in Sources */ = {isa = PBXBuildFile; fileRef = E5BA366619EBBA0A00CB8165 /* MatchModel.m */; };
		E5BA366A19EBC69700CB8165 /* MatchTableViewCell.m in Sources */ = {isa = PBXBuildFile; fileRef = E5BA366919EBC69700CB8165 /* MatchTableViewCell.m */; };
		E5BA366D19EBD31900CB8165 /* MatchDetailViewController.m in Sources */ = {isa = PBXBuildFile; fileRef = E5BA366C19EBD31900CB8165 /* MatchDetailViewController.m */; };
		E5BA367019EC01D000CB8165 /* MatchDetailModel.m in Sources */ = {isa = PBXBuildFile; fileRef = E5BA366F19EC01D000CB8165 /* MatchDetailModel.m */; };
		E5BA367319EC028800CB8165 /* RoleModel.m in Sources */ = {isa = PBXBuildFile; fileRef = E5BA367219EC028800CB8165 /* RoleModel.m */; };
		E5BA367619EC039E00CB8165 /* SkillModel.m in Sources */ = {isa = PBXBuildFile; fileRef = E5BA367519EC039E00CB8165 /* SkillModel.m */; };
		E5BA367919EC03AE00CB8165 /* EquipModel.m in Sources */ = {isa = PBXBuildFile; fileRef = E5BA367819EC03AE00CB8165 /* EquipModel.m */; };
		E5BA367C19EC782000CB8165 /* MatchDetailView.m in Sources */ = {isa = PBXBuildFile; fileRef = E5BA367B19EC782000CB8165 /* MatchDetailView.m */; };
		E5BA367E19ECDBA000CB8165 /* View.xib in Resources */ = {isa = PBXBuildFile; fileRef = E5BA367D19ECDBA000CB8165 /* View.xib */; };
		E5BA368519ECEB4300CB8165 /* vs.png in Resources */ = {isa = PBXBuildFile; fileRef = E5BA368319ECEB4300CB8165 /* vs.png */; };
		E5BA368619ECEB4300CB8165 /* vs@2x.png in Resources */ = {isa = PBXBuildFile; fileRef = E5BA368419ECEB4300CB8165 /* vs@2x.png */; };
		E5BA369C19EE33C200CB8165 /* Role.m in Sources */ = {isa = PBXBuildFile; fileRef = E5BA369B19EE33C200CB8165 /* Role.m */; };
		E5BA36AE19EE42EB00CB8165 /* MJRefresh.bundle in Resources */ = {isa = PBXBuildFile; fileRef = E5BA369E19EE42EB00CB8165 /* MJRefresh.bundle */; };
		E5BA36AF19EE42EB00CB8165 /* MJRefreshBaseView.m in Sources */ = {isa = PBXBuildFile; fileRef = E5BA36A119EE42EB00CB8165 /* MJRefreshBaseView.m */; };
		E5BA36B019EE42EB00CB8165 /* MJRefreshConst.m in Sources */ = {isa = PBXBuildFile; fileRef = E5BA36A319EE42EB00CB8165 /* MJRefreshConst.m */; };
		E5BA36B119EE42EB00CB8165 /* MJRefreshFooterView.m in Sources */ = {isa = PBXBuildFile; fileRef = E5BA36A519EE42EB00CB8165 /* MJRefreshFooterView.m */; };
		E5BA36B219EE42EB00CB8165 /* MJRefreshHeaderView.m in Sources */ = {isa = PBXBuildFile; fileRef = E5BA36A719EE42EB00CB8165 /* MJRefreshHeaderView.m */; };
		E5BA36B319EE42EB00CB8165 /* UIScrollView+MJExtension.m in Sources */ = {isa = PBXBuildFile; fileRef = E5BA36A919EE42EB00CB8165 /* UIScrollView+MJExtension.m */; };
		E5BA36B419EE42EB00CB8165 /* UIScrollView+MJRefresh.m in Sources */ = {isa = PBXBuildFile; fileRef = E5BA36AB19EE42EB00CB8165 /* UIScrollView+MJRefresh.m */; };
		E5BA36B519EE42EB00CB8165 /* UIView+MJExtension.m in Sources */ = {isa = PBXBuildFile; fileRef = E5BA36AD19EE42EB00CB8165 /* UIView+MJExtension.m */; };
		E5BA36B819EE50D700CB8165 /* RecentModel.m in Sources */ = {isa = PBXBuildFile; fileRef = E5BA36B719EE50D700CB8165 /* RecentModel.m */; };
		E5BA36BC19F0159000CB8165 /* AksStraightPieChart.m in Sources */ = {isa = PBXBuildFile; fileRef = E5BA36BB19F0159000CB8165 /* AksStraightPieChart.m */; };
/* End PBXBuildFile section */

/* Begin PBXContainerItemProxy section */
		E5A4BE9F19DF118D000BFE8E /* PBXContainerItemProxy */ = {
			isa = PBXContainerItemProxy;
			containerPortal = E5A4BE7D19DF118D000BFE8E /* Project object */;
			proxyType = 1;
			remoteGlobalIDString = E5A4BE8419DF118D000BFE8E;
			remoteInfo = "300勇士盒";
		};
/* End PBXContainerItemProxy section */

/* Begin PBXFileReference section */
		194FCB2486E562BFEE399460 /* libPods.a */ = {isa = PBXFileReference; explicitFileType = archive.ar; includeInIndex = 0; path = libPods.a; sourceTree = BUILT_PRODUCTS_DIR; };
		2561E8561C542E44CC1EEBE1 /* Pods.release.xcconfig */ = {isa = PBXFileReference; includeInIndex = 1; lastKnownFileType = text.xcconfig; name = Pods.release.xcconfig; path = "Pods/Target Support Files/Pods/Pods.release.xcconfig"; sourceTree = "<group>"; };
		E5A4BE8519DF118D000BFE8E /* 300勇士盒.app */ = {isa = PBXFileReference; explicitFileType = wrapper.application; includeInIndex = 0; path = "300勇士盒.app"; sourceTree = BUILT_PRODUCTS_DIR; };
		E5A4BE8919DF118D000BFE8E /* Info.plist */ = {isa = PBXFileReference; lastKnownFileType = text.plist.xml; path = Info.plist; sourceTree = "<group>"; };
		E5A4BE8A19DF118D000BFE8E /* main.m */ = {isa = PBXFileReference; lastKnownFileType = sourcecode.c.objc; path = main.m; sourceTree = "<group>"; };
		E5A4BE8C19DF118D000BFE8E /* AppDelegate.h */ = {isa = PBXFileReference; lastKnownFileType = sourcecode.c.h; path = AppDelegate.h; sourceTree = "<group>"; };
		E5A4BE8D19DF118D000BFE8E /* AppDelegate.m */ = {isa = PBXFileReference; lastKnownFileType = sourcecode.c.objc; path = AppDelegate.m; sourceTree = "<group>"; };
		E5A4BE8F19DF118D000BFE8E /* ViewController.h */ = {isa = PBXFileReference; lastKnownFileType = sourcecode.c.h; path = ViewController.h; sourceTree = "<group>"; };
		E5A4BE9019DF118D000BFE8E /* ViewController.m */ = {isa = PBXFileReference; lastKnownFileType = sourcecode.c.objc; path = ViewController.m; sourceTree = "<group>"; };
		E5A4BE9519DF118D000BFE8E /* Images.xcassets */ = {isa = PBXFileReference; lastKnownFileType = folder.assetcatalog; path = Images.xcassets; sourceTree = "<group>"; };
		E5A4BE9E19DF118D000BFE8E /* 300勇士盒Tests.xctest */ = {isa = PBXFileReference; explicitFileType = wrapper.cfbundle; includeInIndex = 0; path = "300勇士盒Tests.xctest"; sourceTree = BUILT_PRODUCTS_DIR; };
		E5A4BEA319DF118D000BFE8E /* Info.plist */ = {isa = PBXFileReference; lastKnownFileType = text.plist.xml; path = Info.plist; sourceTree = "<group>"; };
		E5A4BEA419DF118D000BFE8E /* _00___Tests.m */ = {isa = PBXFileReference; lastKnownFileType = sourcecode.c.objc; path = "_00___Tests.m"; sourceTree = "<group>"; };
		E5BA34D919E3B87B00CB8165 /* SideMenuTableView.h */ = {isa = PBXFileReference; fileEncoding = 4; lastKnownFileType = sourcecode.c.h; path = SideMenuTableView.h; sourceTree = "<group>"; };
		E5BA34DA19E3B87B00CB8165 /* SideMenuTableView.m */ = {isa = PBXFileReference; fileEncoding = 4; lastKnownFileType = sourcecode.c.objc; path = SideMenuTableView.m; sourceTree = "<group>"; };
		E5BA34DF19E3C22600CB8165 /* sigleMenu.h */ = {isa = PBXFileReference; fileEncoding = 4; lastKnownFileType = sourcecode.c.h; path = sigleMenu.h; sourceTree = "<group>"; };
		E5BA34E019E3C22600CB8165 /* sigleMenu.m */ = {isa = PBXFileReference; fileEncoding = 4; lastKnownFileType = sourcecode.c.objc; path = sigleMenu.m; sourceTree = "<group>"; };
		E5BA34E219E3C3F400CB8165 /* icon1.png */ = {isa = PBXFileReference; lastKnownFileType = image.png; path = icon1.png; sourceTree = "<group>"; };
		E5BA34E319E3C3F400CB8165 /* icon2.png */ = {isa = PBXFileReference; lastKnownFileType = image.png; path = icon2.png; sourceTree = "<group>"; };
		E5BA34E419E3C3F400CB8165 /* icon3.png */ = {isa = PBXFileReference; lastKnownFileType = image.png; path = icon3.png; sourceTree = "<group>"; };
		E5BA34E519E3C3F400CB8165 /* icon4.png */ = {isa = PBXFileReference; lastKnownFileType = image.png; path = icon4.png; sourceTree = "<group>"; };
		E5BA34E619E3C3F400CB8165 /* icon5.png */ = {isa = PBXFileReference; lastKnownFileType = image.png; path = icon5.png; sourceTree = "<group>"; };
		E5BA34E719E3C3F400CB8165 /* icon6.png */ = {isa = PBXFileReference; lastKnownFileType = image.png; path = icon6.png; sourceTree = "<group>"; };
		E5BA34E819E3C3F400CB8165 /* icon7.png */ = {isa = PBXFileReference; lastKnownFileType = image.png; path = icon7.png; sourceTree = "<group>"; };
		E5BA35F219E704AD00CB8165 /* burger.png */ = {isa = PBXFileReference; lastKnownFileType = image.png; path = burger.png; sourceTree = "<group>"; };
		E5BA35F319E704AE00CB8165 /* burger@2x.png */ = {isa = PBXFileReference; lastKnownFileType = image.png; path = "burger@2x.png"; sourceTree = "<group>"; };
		E5BA35F619E70BDF00CB8165 /* CHSideMenu.h */ = {isa = PBXFileReference; fileEncoding = 4; lastKnownFileType = sourcecode.c.h; path = CHSideMenu.h; sourceTree = "<group>"; };
		E5BA35F719E70BDF00CB8165 /* CHSideMenu.m */ = {isa = PBXFileReference; fileEncoding = 4; lastKnownFileType = sourcecode.c.objc; path = CHSideMenu.m; sourceTree = "<group>"; };
		E5BA35F819E70BDF00CB8165 /* UIViewController+CHSideMenu.h */ = {isa = PBXFileReference; fileEncoding = 4; lastKnownFileType = sourcecode.c.h; path = "UIViewController+CHSideMenu.h"; sourceTree = "<group>"; };
		E5BA35F919E70BDF00CB8165 /* UIViewController+CHSideMenu.m */ = {isa = PBXFileReference; fileEncoding = 4; lastKnownFileType = sourcecode.c.objc; path = "UIViewController+CHSideMenu.m"; sourceTree = "<group>"; };
		E5BA35FC19E8190A00CB8165 /* SecondViewController.h */ = {isa = PBXFileReference; fileEncoding = 4; lastKnownFileType = sourcecode.c.h; path = SecondViewController.h; sourceTree = "<group>"; };
		E5BA35FD19E8190A00CB8165 /* SecondViewController.m */ = {isa = PBXFileReference; fileEncoding = 4; lastKnownFileType = sourcecode.c.objc; path = SecondViewController.m; sourceTree = "<group>"; };
		E5BA360019E8417400CB8165 /* MainNavgationController.h */ = {isa = PBXFileReference; fileEncoding = 4; lastKnownFileType = sourcecode.c.h; path = MainNavgationController.h; sourceTree = "<group>"; };
		E5BA360119E8417400CB8165 /* MainNavgationController.m */ = {isa = PBXFileReference; fileEncoding = 4; lastKnownFileType = sourcecode.c.objc; path = MainNavgationController.m; sourceTree = "<group>"; };
		E5BA360419E8457E00CB8165 /* ToolNavgationController.h */ = {isa = PBXFileReference; fileEncoding = 4; lastKnownFileType = sourcecode.c.h; path = ToolNavgationController.h; sourceTree = "<group>"; };
		E5BA360519E8457E00CB8165 /* ToolNavgationController.m */ = {isa = PBXFileReference; fileEncoding = 4; lastKnownFileType = sourcecode.c.objc; path = ToolNavgationController.m; sourceTree = "<group>"; };
		E5BA360719E845BE00CB8165 /* ToolTableViewController.h */ = {isa = PBXFileReference; fileEncoding = 4; lastKnownFileType = sourcecode.c.h; path = ToolTableViewController.h; sourceTree = "<group>"; };
		E5BA360819E845BE00CB8165 /* ToolTableViewController.m */ = {isa = PBXFileReference; fileEncoding = 4; lastKnownFileType = sourcecode.c.objc; path = ToolTableViewController.m; sourceTree = "<group>"; };
		E5BA360B19E8510E00CB8165 /* SearchViewController.h */ = {isa = PBXFileReference; fileEncoding = 4; lastKnownFileType = sourcecode.c.h; path = SearchViewController.h; sourceTree = "<group>"; };
		E5BA360C19E8510E00CB8165 /* SearchViewController.m */ = {isa = PBXFileReference; fileEncoding = 4; lastKnownFileType = sourcecode.c.objc; path = SearchViewController.m; sourceTree = "<group>"; };
		E5BA360E19E85AA600CB8165 /* background.png */ = {isa = PBXFileReference; lastKnownFileType = image.png; path = background.png; sourceTree = "<group>"; };
		E5BA361019E8D90E00CB8165 /* background101020.png */ = {isa = PBXFileReference; lastKnownFileType = image.png; path = background101020.png; sourceTree = "<group>"; };
		E5BA361319E8DC4F00CB8165 /* RankNavController.h */ = {isa = PBXFileReference; fileEncoding = 4; lastKnownFileType = sourcecode.c.h; path = RankNavController.h; sourceTree = "<group>"; };
		E5BA361419E8DC4F00CB8165 /* RankNavController.m */ = {isa = PBXFileReference; fileEncoding = 4; lastKnownFileType = sourcecode.c.objc; path = RankNavController.m; sourceTree = "<group>"; };
		E5BA361619E8DC7800CB8165 /* RankTypeTableViewController.h */ = {isa = PBXFileReference; fileEncoding = 4; lastKnownFileType = sourcecode.c.h; path = RankTypeTableViewController.h; sourceTree = "<group>"; };
		E5BA361719E8DC7800CB8165 /* RankTypeTableViewController.m */ = {isa = PBXFileReference; fileEncoding = 4; lastKnownFileType = sourcecode.c.objc; path = RankTypeTableViewController.m; sourceTree = "<group>"; };
		E5BA361A19E90D2E00CB8165 /* RankTypeModel.h */ = {isa = PBXFileReference; fileEncoding = 4; lastKnownFileType = sourcecode.c.h; path = RankTypeModel.h; sourceTree = "<group>"; };
		E5BA361B19E90D2E00CB8165 /* RankTypeModel.m */ = {isa = PBXFileReference; fileEncoding = 4; lastKnownFileType = sourcecode.c.objc; path = RankTypeModel.m; sourceTree = "<group>"; };
		E5BA361D19E9339900CB8165 /* HeroViewController.h */ = {isa = PBXFileReference; fileEncoding = 4; lastKnownFileType = sourcecode.c.h; path = HeroViewController.h; sourceTree = "<group>"; };
		E5BA361E19E9339900CB8165 /* HeroViewController.m */ = {isa = PBXFileReference; fileEncoding = 4; lastKnownFileType = sourcecode.c.objc; path = HeroViewController.m; sourceTree = "<group>"; };
		E5BA362019E98C8200CB8165 /* HeroModel.h */ = {isa = PBXFileReference; fileEncoding = 4; lastKnownFileType = sourcecode.c.h; path = HeroModel.h; sourceTree = "<group>"; };
		E5BA362119E98C8200CB8165 /* HeroModel.m */ = {isa = PBXFileReference; fileEncoding = 4; lastKnownFileType = sourcecode.c.objc; path = HeroModel.m; sourceTree = "<group>"; };
		E5BA363119E997DB00CB8165 /* HeroTableViewCell.h */ = {isa = PBXFileReference; fileEncoding = 4; lastKnownFileType = sourcecode.c.h; path = HeroTableViewCell.h; sourceTree = "<group>"; };
		E5BA363219E997DB00CB8165 /* HeroTableViewCell.m */ = {isa = PBXFileReference; fileEncoding = 4; lastKnownFileType = sourcecode.c.objc; path = HeroTableViewCell.m; sourceTree = "<group>"; };
		E5BA363419E9A33400CB8165 /* MainViewController.h */ = {isa = PBXFileReference; fileEncoding = 4; lastKnownFileType = sourcecode.c.h; path = MainViewController.h; sourceTree = "<group>"; };
		E5BA363519E9A33400CB8165 /* MainViewController.m */ = {isa = PBXFileReference; fileEncoding = 4; lastKnownFileType = sourcecode.c.objc; path = MainViewController.m; sourceTree = "<group>"; };
		E5BA363719E9A64800CB8165 /* RankTypeTableViewCell.h */ = {isa = PBXFileReference; fileEncoding = 4; lastKnownFileType = sourcecode.c.h; path = RankTypeTableViewCell.h; sourceTree = "<group>"; };
		E5BA363819E9A64800CB8165 /* RankTypeTableViewCell.m */ = {isa = PBXFileReference; fileEncoding = 4; lastKnownFileType = sourcecode.c.objc; path = RankTypeTableViewCell.m; sourceTree = "<group>"; };
		E5BA363A19E9A77A00CB8165 /* RankDetailViewController.h */ = {isa = PBXFileReference; fileEncoding = 4; lastKnownFileType = sourcecode.c.h; path = RankDetailViewController.h; sourceTree = "<group>"; };
		E5BA363B19E9A77A00CB8165 /* RankDetailViewController.m */ = {isa = PBXFileReference; fileEncoding = 4; lastKnownFileType = sourcecode.c.objc; path = RankDetailViewController.m; sourceTree = "<group>"; };
		E5BA363F19E9B03600CB8165 /* logo.png */ = {isa = PBXFileReference; lastKnownFileType = image.png; path = logo.png; sourceTree = "<group>"; };
		E5BA364119E9B08200CB8165 /* logo@2x.png */ = {isa = PBXFileReference; lastKnownFileType = image.png; path = "logo@2x.png"; sourceTree = "<group>"; };
		E5BA364419EA4A8A00CB8165 /* CHHeader.h */ = {isa = PBXFileReference; fileEncoding = 4; lastKnownFileType = sourcecode.c.h; path = CHHeader.h; sourceTree = "<group>"; };
		E5BA364519EA4A8A00CB8165 /* CHHeader.m */ = {isa = PBXFileReference; fileEncoding = 4; lastKnownFileType = sourcecode.c.objc; path = CHHeader.m; sourceTree = "<group>"; };
		E5BA364719EA4B8300CB8165 /* image.png */ = {isa = PBXFileReference; lastKnownFileType = image.png; path = image.png; sourceTree = "<group>"; };
		E5BA364919EA4F9F00CB8165 /* indexbg.png */ = {isa = PBXFileReference; lastKnownFileType = image.png; path = indexbg.png; sourceTree = "<group>"; };
		E5BA364F19EA938000CB8165 /* RankDetailModel.h */ = {isa = PBXFileReference; fileEncoding = 4; lastKnownFileType = sourcecode.c.h; path = RankDetailModel.h; sourceTree = "<group>"; };
		E5BA365019EA938000CB8165 /* RankDetailModel.m */ = {isa = PBXFileReference; fileEncoding = 4; lastKnownFileType = sourcecode.c.objc; path = RankDetailModel.m; sourceTree = "<group>"; };
		E5BA365219EA957C00CB8165 /* RankDetailTableViewCell.h */ = {isa = PBXFileReference; fileEncoding = 4; lastKnownFileType = sourcecode.c.h; path = RankDetailTableViewCell.h; sourceTree = "<group>"; };
		E5BA365319EA957C00CB8165 /* RankDetailTableViewCell.m */ = {isa = PBXFileReference; fileEncoding = 4; lastKnownFileType = sourcecode.c.objc; path = RankDetailTableViewCell.m; sourceTree = "<group>"; };
		E5BA365619EAABB300CB8165 /* SettingTableViewController.h */ = {isa = PBXFileReference; fileEncoding = 4; lastKnownFileType = sourcecode.c.h; path = SettingTableViewController.h; sourceTree = "<group>"; };
		E5BA365719EAABB300CB8165 /* SettingTableViewController.m */ = {isa = PBXFileReference; fileEncoding = 4; lastKnownFileType = sourcecode.c.objc; path = SettingTableViewController.m; sourceTree = "<group>"; };
		E5BA365919EAB5EC00CB8165 /* one.png */ = {isa = PBXFileReference; lastKnownFileType = image.png; path = one.png; sourceTree = "<group>"; };
		E5BA365A19EAB5EC00CB8165 /* one@2x.png */ = {isa = PBXFileReference; lastKnownFileType = image.png; path = "one@2x.png"; sourceTree = "<group>"; };
		E5BA365D19EAB6B000CB8165 /* three.png */ = {isa = PBXFileReference; lastKnownFileType = image.png; path = three.png; sourceTree = "<group>"; };
		E5BA365E19EAB6B000CB8165 /* three@2x.png */ = {isa = PBXFileReference; lastKnownFileType = image.png; path = "three@2x.png"; sourceTree = "<group>"; };
		E5BA365F19EAB6B000CB8165 /* two.png */ = {isa = PBXFileReference; lastKnownFileType = image.png; path = two.png; sourceTree = "<group>"; };
		E5BA366019EAB6B000CB8165 /* two@2x.png */ = {isa = PBXFileReference; lastKnownFileType = image.png; path = "two@2x.png"; sourceTree = "<group>"; };
		E5BA366519EBBA0A00CB8165 /* MatchModel.h */ = {isa = PBXFileReference; fileEncoding = 4; lastKnownFileType = sourcecode.c.h; path = MatchModel.h; sourceTree = "<group>"; };
		E5BA366619EBBA0A00CB8165 /* MatchModel.m */ = {isa = PBXFileReference; fileEncoding = 4; lastKnownFileType = sourcecode.c.objc; path = MatchModel.m; sourceTree = "<group>"; };
		E5BA366819EBC69700CB8165 /* MatchTableViewCell.h */ = {isa = PBXFileReference; fileEncoding = 4; lastKnownFileType = sourcecode.c.h; path = MatchTableViewCell.h; sourceTree = "<group>"; };
		E5BA366919EBC69700CB8165 /* MatchTableViewCell.m */ = {isa = PBXFileReference; fileEncoding = 4; lastKnownFileType = sourcecode.c.objc; path = MatchTableViewCell.m; sourceTree = "<group>"; };
		E5BA366B19EBD31900CB8165 /* MatchDetailViewController.h */ = {isa = PBXFileReference; fileEncoding = 4; lastKnownFileType = sourcecode.c.h; path = MatchDetailViewController.h; sourceTree = "<group>"; };
		E5BA366C19EBD31900CB8165 /* MatchDetailViewController.m */ = {isa = PBXFileReference; fileEncoding = 4; lastKnownFileType = sourcecode.c.objc; path = MatchDetailViewController.m; sourceTree = "<group>"; };
		E5BA366E19EC01D000CB8165 /* MatchDetailModel.h */ = {isa = PBXFileReference; fileEncoding = 4; lastKnownFileType = sourcecode.c.h; path = MatchDetailModel.h; sourceTree = "<group>"; };
		E5BA366F19EC01D000CB8165 /* MatchDetailModel.m */ = {isa = PBXFileReference; fileEncoding = 4; lastKnownFileType = sourcecode.c.objc; path = MatchDetailModel.m; sourceTree = "<group>"; };
		E5BA367119EC028800CB8165 /* RoleModel.h */ = {isa = PBXFileReference; fileEncoding = 4; lastKnownFileType = sourcecode.c.h; path = RoleModel.h; sourceTree = "<group>"; };
		E5BA367219EC028800CB8165 /* RoleModel.m */ = {isa = PBXFileReference; fileEncoding = 4; lastKnownFileType = sourcecode.c.objc; path = RoleModel.m; sourceTree = "<group>"; };
		E5BA367419EC039E00CB8165 /* SkillModel.h */ = {isa = PBXFileReference; fileEncoding = 4; lastKnownFileType = sourcecode.c.h; path = SkillModel.h; sourceTree = "<group>"; };
		E5BA367519EC039E00CB8165 /* SkillModel.m */ = {isa = PBXFileReference; fileEncoding = 4; lastKnownFileType = sourcecode.c.objc; path = SkillModel.m; sourceTree = "<group>"; };
		E5BA367719EC03AE00CB8165 /* EquipModel.h */ = {isa = PBXFileReference; fileEncoding = 4; lastKnownFileType = sourcecode.c.h; path = EquipModel.h; sourceTree = "<group>"; };
		E5BA367819EC03AE00CB8165 /* EquipModel.m */ = {isa = PBXFileReference; fileEncoding = 4; lastKnownFileType = sourcecode.c.objc; path = EquipModel.m; sourceTree = "<group>"; };
		E5BA367A19EC782000CB8165 /* MatchDetailView.h */ = {isa = PBXFileReference; fileEncoding = 4; lastKnownFileType = sourcecode.c.h; path = MatchDetailView.h; sourceTree = "<group>"; };
		E5BA367B19EC782000CB8165 /* MatchDetailView.m */ = {isa = PBXFileReference; fileEncoding = 4; lastKnownFileType = sourcecode.c.objc; path = MatchDetailView.m; sourceTree = "<group>"; };
		E5BA367D19ECDBA000CB8165 /* View.xib */ = {isa = PBXFileReference; fileEncoding = 4; lastKnownFileType = file.xib; path = View.xib; sourceTree = "<group>"; };
		E5BA368319ECEB4300CB8165 /* vs.png */ = {isa = PBXFileReference; lastKnownFileType = image.png; path = vs.png; sourceTree = "<group>"; };
		E5BA368419ECEB4300CB8165 /* vs@2x.png */ = {isa = PBXFileReference; lastKnownFileType = image.png; path = "vs@2x.png"; sourceTree = "<group>"; };
		E5BA369A19EE33C200CB8165 /* Role.h */ = {isa = PBXFileReference; fileEncoding = 4; lastKnownFileType = sourcecode.c.h; path = Role.h; sourceTree = "<group>"; };
		E5BA369B19EE33C200CB8165 /* Role.m */ = {isa = PBXFileReference; fileEncoding = 4; lastKnownFileType = sourcecode.c.objc; path = Role.m; sourceTree = "<group>"; };
		E5BA369E19EE42EB00CB8165 /* MJRefresh.bundle */ = {isa = PBXFileReference; lastKnownFileType = "wrapper.plug-in"; path = MJRefresh.bundle; sourceTree = "<group>"; };
		E5BA369F19EE42EB00CB8165 /* MJRefresh.h */ = {isa = PBXFileReference; fileEncoding = 4; lastKnownFileType = sourcecode.c.h; path = MJRefresh.h; sourceTree = "<group>"; };
		E5BA36A019EE42EB00CB8165 /* MJRefreshBaseView.h */ = {isa = PBXFileReference; fileEncoding = 4; lastKnownFileType = sourcecode.c.h; path = MJRefreshBaseView.h; sourceTree = "<group>"; };
		E5BA36A119EE42EB00CB8165 /* MJRefreshBaseView.m */ = {isa = PBXFileReference; fileEncoding = 4; lastKnownFileType = sourcecode.c.objc; path = MJRefreshBaseView.m; sourceTree = "<group>"; };
		E5BA36A219EE42EB00CB8165 /* MJRefreshConst.h */ = {isa = PBXFileReference; fileEncoding = 4; lastKnownFileType = sourcecode.c.h; path = MJRefreshConst.h; sourceTree = "<group>"; };
		E5BA36A319EE42EB00CB8165 /* MJRefreshConst.m */ = {isa = PBXFileReference; fileEncoding = 4; lastKnownFileType = sourcecode.c.objc; path = MJRefreshConst.m; sourceTree = "<group>"; };
		E5BA36A419EE42EB00CB8165 /* MJRefreshFooterView.h */ = {isa = PBXFileReference; fileEncoding = 4; lastKnownFileType = sourcecode.c.h; path = MJRefreshFooterView.h; sourceTree = "<group>"; };
		E5BA36A519EE42EB00CB8165 /* MJRefreshFooterView.m */ = {isa = PBXFileReference; fileEncoding = 4; lastKnownFileType = sourcecode.c.objc; path = MJRefreshFooterView.m; sourceTree = "<group>"; };
		E5BA36A619EE42EB00CB8165 /* MJRefreshHeaderView.h */ = {isa = PBXFileReference; fileEncoding = 4; lastKnownFileType = sourcecode.c.h; path = MJRefreshHeaderView.h; sourceTree = "<group>"; };
		E5BA36A719EE42EB00CB8165 /* MJRefreshHeaderView.m */ = {isa = PBXFileReference; fileEncoding = 4; lastKnownFileType = sourcecode.c.objc; path = MJRefreshHeaderView.m; sourceTree = "<group>"; };
		E5BA36A819EE42EB00CB8165 /* UIScrollView+MJExtension.h */ = {isa = PBXFileReference; fileEncoding = 4; lastKnownFileType = sourcecode.c.h; path = "UIScrollView+MJExtension.h"; sourceTree = "<group>"; };
		E5BA36A919EE42EB00CB8165 /* UIScrollView+MJExtension.m */ = {isa = PBXFileReference; fileEncoding = 4; lastKnownFileType = sourcecode.c.objc; path = "UIScrollView+MJExtension.m"; sourceTree = "<group>"; };
		E5BA36AA19EE42EB00CB8165 /* UIScrollView+MJRefresh.h */ = {isa = PBXFileReference; fileEncoding = 4; lastKnownFileType = sourcecode.c.h; path = "UIScrollView+MJRefresh.h"; sourceTree = "<group>"; };
		E5BA36AB19EE42EB00CB8165 /* UIScrollView+MJRefresh.m */ = {isa = PBXFileReference; fileEncoding = 4; lastKnownFileType = sourcecode.c.objc; path = "UIScrollView+MJRefresh.m"; sourceTree = "<group>"; };
		E5BA36AC19EE42EB00CB8165 /* UIView+MJExtension.h */ = {isa = PBXFileReference; fileEncoding = 4; lastKnownFileType = sourcecode.c.h; path = "UIView+MJExtension.h"; sourceTree = "<group>"; };
		E5BA36AD19EE42EB00CB8165 /* UIView+MJExtension.m */ = {isa = PBXFileReference; fileEncoding = 4; lastKnownFileType = sourcecode.c.objc; path = "UIView+MJExtension.m"; sourceTree = "<group>"; };
		E5BA36B619EE50D700CB8165 /* RecentModel.h */ = {isa = PBXFileReference; fileEncoding = 4; lastKnownFileType = sourcecode.c.h; path = RecentModel.h; sourceTree = "<group>"; };
		E5BA36B719EE50D700CB8165 /* RecentModel.m */ = {isa = PBXFileReference; fileEncoding = 4; lastKnownFileType = sourcecode.c.objc; path = RecentModel.m; sourceTree = "<group>"; };
		E5BA36BA19F0159000CB8165 /* AksStraightPieChart.h */ = {isa = PBXFileReference; fileEncoding = 4; lastKnownFileType = sourcecode.c.h; path = AksStraightPieChart.h; sourceTree = "<group>"; };
		E5BA36BB19F0159000CB8165 /* AksStraightPieChart.m */ = {isa = PBXFileReference; fileEncoding = 4; lastKnownFileType = sourcecode.c.objc; path = AksStraightPieChart.m; sourceTree = "<group>"; };
		E5BA36BD19F01AEF00CB8165 /* UConstants.h */ = {isa = PBXFileReference; lastKnownFileType = sourcecode.c.h; path = UConstants.h; sourceTree = "<group>"; };
		F963BBCE8E44CFC4BF79047E /* Pods.debug.xcconfig */ = {isa = PBXFileReference; includeInIndex = 1; lastKnownFileType = text.xcconfig; name = Pods.debug.xcconfig; path = "Pods/Target Support Files/Pods/Pods.debug.xcconfig"; sourceTree = "<group>"; };
/* End PBXFileReference section */

/* Begin PBXFrameworksBuildPhase section */
		E5A4BE8219DF118D000BFE8E /* Frameworks */ = {
			isa = PBXFrameworksBuildPhase;
			buildActionMask = 2147483647;
			files = (
				5C99797187BFF41E8EE839A3 /* libPods.a in Frameworks */,
			);
			runOnlyForDeploymentPostprocessing = 0;
		};
		E5A4BE9B19DF118D000BFE8E /* Frameworks */ = {
			isa = PBXFrameworksBuildPhase;
			buildActionMask = 2147483647;
			files = (
			);
			runOnlyForDeploymentPostprocessing = 0;
		};
/* End PBXFrameworksBuildPhase section */

/* Begin PBXGroup section */
		052818CBE657038C5A83AED3 /* Frameworks */ = {
			isa = PBXGroup;
			children = (
				194FCB2486E562BFEE399460 /* libPods.a */,
			);
			name = Frameworks;
			sourceTree = "<group>";
		};
		745BCA52AB8E30E1E6EB9DD1 /* Pods */ = {
			isa = PBXGroup;
			children = (
				F963BBCE8E44CFC4BF79047E /* Pods.debug.xcconfig */,
				2561E8561C542E44CC1EEBE1 /* Pods.release.xcconfig */,
			);
			name = Pods;
			sourceTree = "<group>";
		};
		E5A4BE7C19DF118D000BFE8E = {
			isa = PBXGroup;
			children = (
				E5A4BE8719DF118D000BFE8E /* 300勇士盒 */,
				E5A4BEA119DF118D000BFE8E /* 300勇士盒Tests */,
				E5A4BE8619DF118D000BFE8E /* Products */,
				745BCA52AB8E30E1E6EB9DD1 /* Pods */,
				052818CBE657038C5A83AED3 /* Frameworks */,
			);
			sourceTree = "<group>";
		};
		E5A4BE8619DF118D000BFE8E /* Products */ = {
			isa = PBXGroup;
			children = (
				E5A4BE8519DF118D000BFE8E /* 300勇士盒.app */,
				E5A4BE9E19DF118D000BFE8E /* 300勇士盒Tests.xctest */,
			);
			name = Products;
			sourceTree = "<group>";
		};
		E5A4BE8719DF118D000BFE8E /* 300勇士盒 */ = {
			isa = PBXGroup;
			children = (
				E5BA361919E909D500CB8165 /* Model */,
				E5BA36B919F0159000CB8165 /* AksStraightPieChart */,
				E5BA369D19EE42EB00CB8165 /* MJRefresh */,
				E5BA364319EA4A6600CB8165 /* CHHeader */,
				E5BA34D519DF226300CB8165 /* CHSlider */,
				E5BA36BD19F01AEF00CB8165 /* UConstants.h */,
				E5A4BE8C19DF118D000BFE8E /* AppDelegate.h */,
				E5A4BE8D19DF118D000BFE8E /* AppDelegate.m */,
				E5BA35FF19E832D700CB8165 /* Main */,
				E5BA360319E843E700CB8165 /* Tool */,
				E5BA361219E8DBFF00CB8165 /* Rank */,
				E5BA360A19E850E600CB8165 /* SearchView */,
				E5A4BE8F19DF118D000BFE8E /* ViewController.h */,
				E5A4BE9019DF118D000BFE8E /* ViewController.m */,
				E5BA35FC19E8190A00CB8165 /* SecondViewController.h */,
				E5BA35FD19E8190A00CB8165 /* SecondViewController.m */,
				E5A4BE9519DF118D000BFE8E /* Images.xcassets */,
				E5A4BE8819DF118D000BFE8E /* Supporting Files */,
			);
			path = "300勇士盒";
			sourceTree = "<group>";
		};
		E5A4BE8819DF118D000BFE8E /* Supporting Files */ = {
			isa = PBXGroup;
			children = (
				E5A4BE8919DF118D000BFE8E /* Info.plist */,
				E5A4BE8A19DF118D000BFE8E /* main.m */,
			);
			name = "Supporting Files";
			sourceTree = "<group>";
		};
		E5A4BEA119DF118D000BFE8E /* 300勇士盒Tests */ = {
			isa = PBXGroup;
			children = (
				E5A4BEA419DF118D000BFE8E /* _00___Tests.m */,
				E5A4BEA219DF118D000BFE8E /* Supporting Files */,
			);
			path = "300勇士盒Tests";
			sourceTree = "<group>";
		};
		E5A4BEA219DF118D000BFE8E /* Supporting Files */ = {
			isa = PBXGroup;
			children = (
				E5A4BEA319DF118D000BFE8E /* Info.plist */,
			);
			name = "Supporting Files";
			sourceTree = "<group>";
		};
		E5BA34D519DF226300CB8165 /* CHSlider */ = {
			isa = PBXGroup;
			children = (
				E5BA368319ECEB4300CB8165 /* vs.png */,
				E5BA368419ECEB4300CB8165 /* vs@2x.png */,
				E5BA365D19EAB6B000CB8165 /* three.png */,
				E5BA365E19EAB6B000CB8165 /* three@2x.png */,
				E5BA365F19EAB6B000CB8165 /* two.png */,
				E5BA366019EAB6B000CB8165 /* two@2x.png */,
				E5BA365919EAB5EC00CB8165 /* one.png */,
				E5BA365A19EAB5EC00CB8165 /* one@2x.png */,
				E5BA364119E9B08200CB8165 /* logo@2x.png */,
				E5BA363F19E9B03600CB8165 /* logo.png */,
				E5BA361019E8D90E00CB8165 /* background101020.png */,
				E5BA360E19E85AA600CB8165 /* background.png */,
				E5BA35F219E704AD00CB8165 /* burger.png */,
				E5BA35F319E704AE00CB8165 /* burger@2x.png */,
				E5BA34E219E3C3F400CB8165 /* icon1.png */,
				E5BA34E319E3C3F400CB8165 /* icon2.png */,
				E5BA34E419E3C3F400CB8165 /* icon3.png */,
				E5BA34E519E3C3F400CB8165 /* icon4.png */,
				E5BA34E619E3C3F400CB8165 /* icon5.png */,
				E5BA34E719E3C3F400CB8165 /* icon6.png */,
				E5BA34E819E3C3F400CB8165 /* icon7.png */,
				E5BA35F619E70BDF00CB8165 /* CHSideMenu.h */,
				E5BA35F719E70BDF00CB8165 /* CHSideMenu.m */,
				E5BA35F819E70BDF00CB8165 /* UIViewController+CHSideMenu.h */,
				E5BA35F919E70BDF00CB8165 /* UIViewController+CHSideMenu.m */,
				E5BA34D919E3B87B00CB8165 /* SideMenuTableView.h */,
				E5BA34DA19E3B87B00CB8165 /* SideMenuTableView.m */,
				E5BA34DF19E3C22600CB8165 /* sigleMenu.h */,
				E5BA34E019E3C22600CB8165 /* sigleMenu.m */,
			);
			name = CHSlider;
			sourceTree = "<group>";
		};
		E5BA35FF19E832D700CB8165 /* Main */ = {
			isa = PBXGroup;
			children = (
				E5BA360019E8417400CB8165 /* MainNavgationController.h */,
				E5BA360119E8417400CB8165 /* MainNavgationController.m */,
				E5BA363419E9A33400CB8165 /* MainViewController.h */,
				E5BA363519E9A33400CB8165 /* MainViewController.m */,
				E5BA366819EBC69700CB8165 /* MatchTableViewCell.h */,
				E5BA366919EBC69700CB8165 /* MatchTableViewCell.m */,
				E5BA366B19EBD31900CB8165 /* MatchDetailViewController.h */,
				E5BA366C19EBD31900CB8165 /* MatchDetailViewController.m */,
				E5BA367A19EC782000CB8165 /* MatchDetailView.h */,
				E5BA367B19EC782000CB8165 /* MatchDetailView.m */,
				E5BA367D19ECDBA000CB8165 /* View.xib */,
			);
			name = Main;
			sourceTree = "<group>";
		};
		E5BA360319E843E700CB8165 /* Tool */ = {
			isa = PBXGroup;
			children = (
				E5BA365519EAAB6D00CB8165 /* Setting */,
				E5BA360419E8457E00CB8165 /* ToolNavgationController.h */,
				E5BA360519E8457E00CB8165 /* ToolNavgationController.m */,
				E5BA360719E845BE00CB8165 /* ToolTableViewController.h */,
				E5BA360819E845BE00CB8165 /* ToolTableViewController.m */,
				E5BA361D19E9339900CB8165 /* HeroViewController.h */,
				E5BA361E19E9339900CB8165 /* HeroViewController.m */,
				E5BA363119E997DB00CB8165 /* HeroTableViewCell.h */,
				E5BA363219E997DB00CB8165 /* HeroTableViewCell.m */,
			);
			name = Tool;
			path = ..;
			sourceTree = "<group>";
		};
		E5BA360A19E850E600CB8165 /* SearchView */ = {
			isa = PBXGroup;
			children = (
				E5BA360B19E8510E00CB8165 /* SearchViewController.h */,
				E5BA360C19E8510E00CB8165 /* SearchViewController.m */,
			);
			name = SearchView;
			sourceTree = "<group>";
		};
		E5BA361219E8DBFF00CB8165 /* Rank */ = {
			isa = PBXGroup;
			children = (
				E5BA361319E8DC4F00CB8165 /* RankNavController.h */,
				E5BA361419E8DC4F00CB8165 /* RankNavController.m */,
				E5BA361619E8DC7800CB8165 /* RankTypeTableViewController.h */,
				E5BA361719E8DC7800CB8165 /* RankTypeTableViewController.m */,
				E5BA363719E9A64800CB8165 /* RankTypeTableViewCell.h */,
				E5BA363819E9A64800CB8165 /* RankTypeTableViewCell.m */,
				E5BA363A19E9A77A00CB8165 /* RankDetailViewController.h */,
				E5BA363B19E9A77A00CB8165 /* RankDetailViewController.m */,
				E5BA365219EA957C00CB8165 /* RankDetailTableViewCell.h */,
				E5BA365319EA957C00CB8165 /* RankDetailTableViewCell.m */,
			);
			name = Rank;
			sourceTree = "<group>";
		};
		E5BA361919E909D500CB8165 /* Model */ = {
			isa = PBXGroup;
			children = (
				E5BA361A19E90D2E00CB8165 /* RankTypeModel.h */,
				E5BA361B19E90D2E00CB8165 /* RankTypeModel.m */,
				E5BA362019E98C8200CB8165 /* HeroModel.h */,
				E5BA362119E98C8200CB8165 /* HeroModel.m */,
				E5BA364F19EA938000CB8165 /* RankDetailModel.h */,
				E5BA365019EA938000CB8165 /* RankDetailModel.m */,
				E5BA366519EBBA0A00CB8165 /* MatchModel.h */,
				E5BA366619EBBA0A00CB8165 /* MatchModel.m */,
				E5BA366E19EC01D000CB8165 /* MatchDetailModel.h */,
				E5BA366F19EC01D000CB8165 /* MatchDetailModel.m */,
				E5BA367119EC028800CB8165 /* RoleModel.h */,
				E5BA367219EC028800CB8165 /* RoleModel.m */,
				E5BA367419EC039E00CB8165 /* SkillModel.h */,
				E5BA367519EC039E00CB8165 /* SkillModel.m */,
				E5BA367719EC03AE00CB8165 /* EquipModel.h */,
				E5BA367819EC03AE00CB8165 /* EquipModel.m */,
				E5BA369A19EE33C200CB8165 /* Role.h */,
				E5BA369B19EE33C200CB8165 /* Role.m */,
				E5BA36B619EE50D700CB8165 /* RecentModel.h */,
				E5BA36B719EE50D700CB8165 /* RecentModel.m */,
			);
			name = Model;
			sourceTree = "<group>";
		};
		E5BA364319EA4A6600CB8165 /* CHHeader */ = {
			isa = PBXGroup;
			children = (
				E5BA364919EA4F9F00CB8165 /* indexbg.png */,
				E5BA364719EA4B8300CB8165 /* image.png */,
				E5BA364419EA4A8A00CB8165 /* CHHeader.h */,
				E5BA364519EA4A8A00CB8165 /* CHHeader.m */,
			);
			name = CHHeader;
			sourceTree = "<group>";
		};
		E5BA365519EAAB6D00CB8165 /* Setting */ = {
			isa = PBXGroup;
			children = (
				E5BA365619EAABB300CB8165 /* SettingTableViewController.h */,
				E5BA365719EAABB300CB8165 /* SettingTableViewController.m */,
			);
			name = Setting;
			path = "300勇士盒";
			sourceTree = "<group>";
		};
		E5BA369D19EE42EB00CB8165 /* MJRefresh */ = {
			isa = PBXGroup;
			children = (
				E5BA369E19EE42EB00CB8165 /* MJRefresh.bundle */,
				E5BA369F19EE42EB00CB8165 /* MJRefresh.h */,
				E5BA36A019EE42EB00CB8165 /* MJRefreshBaseView.h */,
				E5BA36A119EE42EB00CB8165 /* MJRefreshBaseView.m */,
				E5BA36A219EE42EB00CB8165 /* MJRefreshConst.h */,
				E5BA36A319EE42EB00CB8165 /* MJRefreshConst.m */,
				E5BA36A419EE42EB00CB8165 /* MJRefreshFooterView.h */,
				E5BA36A519EE42EB00CB8165 /* MJRefreshFooterView.m */,
				E5BA36A619EE42EB00CB8165 /* MJRefreshHeaderView.h */,
				E5BA36A719EE42EB00CB8165 /* MJRefreshHeaderView.m */,
				E5BA36A819EE42EB00CB8165 /* UIScrollView+MJExtension.h */,
				E5BA36A919EE42EB00CB8165 /* UIScrollView+MJExtension.m */,
				E5BA36AA19EE42EB00CB8165 /* UIScrollView+MJRefresh.h */,
				E5BA36AB19EE42EB00CB8165 /* UIScrollView+MJRefresh.m */,
				E5BA36AC19EE42EB00CB8165 /* UIView+MJExtension.h */,
				E5BA36AD19EE42EB00CB8165 /* UIView+MJExtension.m */,
			);
			path = MJRefresh;
			sourceTree = "<group>";
		};
		E5BA36B919F0159000CB8165 /* AksStraightPieChart */ = {
			isa = PBXGroup;
			children = (
				E5BA36BA19F0159000CB8165 /* AksStraightPieChart.h */,
				E5BA36BB19F0159000CB8165 /* AksStraightPieChart.m */,
			);
			name = AksStraightPieChart;
			path = MJRefresh/AksStraightPieChart;
			sourceTree = "<group>";
		};
/* End PBXGroup section */

/* Begin PBXNativeTarget section */
		E5A4BE8419DF118D000BFE8E /* 300勇士盒 */ = {
			isa = PBXNativeTarget;
			buildConfigurationList = E5A4BEA819DF118D000BFE8E /* Build configuration list for PBXNativeTarget "300勇士盒" */;
			buildPhases = (
				F7D01E327CCC7300C8FF8E0D /* Check Pods Manifest.lock */,
				E5A4BE8119DF118D000BFE8E /* Sources */,
				E5A4BE8219DF118D000BFE8E /* Frameworks */,
				E5A4BE8319DF118D000BFE8E /* Resources */,
				482912FAEBF4B6C549E91A2E /* Copy Pods Resources */,
			);
			buildRules = (
			);
			dependencies = (
			);
			name = "300勇士盒";
			productName = "300勇士盒";
			productReference = E5A4BE8519DF118D000BFE8E /* 300勇士盒.app */;
			productType = "com.apple.product-type.application";
		};
		E5A4BE9D19DF118D000BFE8E /* 300勇士盒Tests */ = {
			isa = PBXNativeTarget;
			buildConfigurationList = E5A4BEAB19DF118D000BFE8E /* Build configuration list for PBXNativeTarget "300勇士盒Tests" */;
			buildPhases = (
				E5A4BE9A19DF118D000BFE8E /* Sources */,
				E5A4BE9B19DF118D000BFE8E /* Frameworks */,
				E5A4BE9C19DF118D000BFE8E /* Resources */,
			);
			buildRules = (
			);
			dependencies = (
				E5A4BEA019DF118D000BFE8E /* PBXTargetDependency */,
			);
			name = "300勇士盒Tests";
			productName = "300勇士盒Tests";
			productReference = E5A4BE9E19DF118D000BFE8E /* 300勇士盒Tests.xctest */;
			productType = "com.apple.product-type.bundle.unit-test";
		};
/* End PBXNativeTarget section */

/* Begin PBXProject section */
		E5A4BE7D19DF118D000BFE8E /* Project object */ = {
			isa = PBXProject;
			attributes = {
				LastUpgradeCheck = 0600;
				ORGANIZATIONNAME = xxTeam;
				TargetAttributes = {
					E5A4BE8419DF118D000BFE8E = {
						CreatedOnToolsVersion = 6.0.1;
						DevelopmentTeam = F86ABKXNGB;
					};
					E5A4BE9D19DF118D000BFE8E = {
						CreatedOnToolsVersion = 6.0.1;
						TestTargetID = E5A4BE8419DF118D000BFE8E;
					};
				};
			};
			buildConfigurationList = E5A4BE8019DF118D000BFE8E /* Build configuration list for PBXProject "300勇士盒" */;
			compatibilityVersion = "Xcode 3.2";
			developmentRegion = English;
			hasScannedForEncodings = 0;
			knownRegions = (
				en,
				Base,
			);
			mainGroup = E5A4BE7C19DF118D000BFE8E;
			productRefGroup = E5A4BE8619DF118D000BFE8E /* Products */;
			projectDirPath = "";
			projectRoot = "";
			targets = (
				E5A4BE8419DF118D000BFE8E /* 300勇士盒 */,
				E5A4BE9D19DF118D000BFE8E /* 300勇士盒Tests */,
			);
		};
/* End PBXProject section */

/* Begin PBXResourcesBuildPhase section */
		E5A4BE8319DF118D000BFE8E /* Resources */ = {
			isa = PBXResourcesBuildPhase;
			buildActionMask = 2147483647;
			files = (
				E5BA366319EAB6B000CB8165 /* two.png in Resources */,
				E5BA366419EAB6B000CB8165 /* two@2x.png in Resources */,
				E5BA364019E9B03600CB8165 /* logo.png in Resources */,
				E5A4BE9619DF118D000BFE8E /* Images.xcassets in Resources */,
				E5BA365B19EAB5EC00CB8165 /* one.png in Resources */,
				E5BA366119EAB6B000CB8165 /* three.png in Resources */,
				E5BA35F519E704AE00CB8165 /* burger@2x.png in Resources */,
				E5BA367E19ECDBA000CB8165 /* View.xib in Resources */,
				E5BA366219EAB6B000CB8165 /* three@2x.png in Resources */,
				E5BA34E919E3C3F400CB8165 /* icon1.png in Resources */,
				E5BA368519ECEB4300CB8165 /* vs.png in Resources */,
				E5BA35F419E704AE00CB8165 /* burger.png in Resources */,
				E5BA34EE19E3C3F400CB8165 /* icon6.png in Resources */,
				E5BA365C19EAB5EC00CB8165 /* one@2x.png in Resources */,
				E5BA34ED19E3C3F400CB8165 /* icon5.png in Resources */,
				E5BA34EA19E3C3F400CB8165 /* icon2.png in Resources */,
				E5BA34EB19E3C3F400CB8165 /* icon3.png in Resources */,
				E5BA34EC19E3C3F400CB8165 /* icon4.png in Resources */,
				E5BA360F19E85AA600CB8165 /* background.png in Resources */,
				E5BA368619ECEB4300CB8165 /* vs@2x.png in Resources */,
				E5BA36AE19EE42EB00CB8165 /* MJRefresh.bundle in Resources */,
				E5BA364219E9B08200CB8165 /* logo@2x.png in Resources */,
				E5BA34EF19E3C3F400CB8165 /* icon7.png in Resources */,
				E5BA361119E8D90E00CB8165 /* background101020.png in Resources */,
				E5BA364819EA4B8300CB8165 /* image.png in Resources */,
				E5BA364A19EA4F9F00CB8165 /* indexbg.png in Resources */,
			);
			runOnlyForDeploymentPostprocessing = 0;
		};
		E5A4BE9C19DF118D000BFE8E /* Resources */ = {
			isa = PBXResourcesBuildPhase;
			buildActionMask = 2147483647;
			files = (
			);
			runOnlyForDeploymentPostprocessing = 0;
		};
/* End PBXResourcesBuildPhase section */

/* Begin PBXShellScriptBuildPhase section */
		482912FAEBF4B6C549E91A2E /* Copy Pods Resources */ = {
			isa = PBXShellScriptBuildPhase;
			buildActionMask = 2147483647;
			files = (
			);
			inputPaths = (
			);
			name = "Copy Pods Resources";
			outputPaths = (
			);
			runOnlyForDeploymentPostprocessing = 0;
			shellPath = /bin/sh;
			shellScript = "\"${SRCROOT}/Pods/Target Support Files/Pods/Pods-resources.sh\"\n";
			showEnvVarsInLog = 0;
		};
		F7D01E327CCC7300C8FF8E0D /* Check Pods Manifest.lock */ = {
			isa = PBXShellScriptBuildPhase;
			buildActionMask = 2147483647;
			files = (
			);
			inputPaths = (
			);
			name = "Check Pods Manifest.lock";
			outputPaths = (
			);
			runOnlyForDeploymentPostprocessing = 0;
			shellPath = /bin/sh;
			shellScript = "diff \"${PODS_ROOT}/../Podfile.lock\" \"${PODS_ROOT}/Manifest.lock\" > /dev/null\nif [[ $? != 0 ]] ; then\n    cat << EOM\nerror: The sandbox is not in sync with the Podfile.lock. Run 'pod install' or update your CocoaPods installation.\nEOM\n    exit 1\nfi\n";
			showEnvVarsInLog = 0;
		};
/* End PBXShellScriptBuildPhase section */

/* Begin PBXSourcesBuildPhase section */
		E5A4BE8119DF118D000BFE8E /* Sources */ = {
			isa = PBXSourcesBuildPhase;
			buildActionMask = 2147483647;
			files = (
				E5BA36B219EE42EB00CB8165 /* MJRefreshHeaderView.m in Sources */,
				E5BA361519E8DC4F00CB8165 /* RankNavController.m in Sources */,
				E5BA367019EC01D000CB8165 /* MatchDetailModel.m in Sources */,
				E5BA367919EC03AE00CB8165 /* EquipModel.m in Sources */,
				E5BA36AF19EE42EB00CB8165 /* MJRefreshBaseView.m in Sources */,
				E5BA363319E997DB00CB8165 /* HeroTableViewCell.m in Sources */,
				E5BA361819E8DC7800CB8165 /* RankTypeTableViewController.m in Sources */,
				E5BA367619EC039E00CB8165 /* SkillModel.m in Sources */,
				E5BA366A19EBC69700CB8165 /* MatchTableViewCell.m in Sources */,
				E5BA366719EBBA0A00CB8165 /* MatchModel.m in Sources */,
				E5BA361C19E90D2E00CB8165 /* RankTypeModel.m in Sources */,
				E5A4BE9119DF118D000BFE8E /* ViewController.m in Sources */,
				E5BA36B519EE42EB00CB8165 /* UIView+MJExtension.m in Sources */,
				E5BA36B119EE42EB00CB8165 /* MJRefreshFooterView.m in Sources */,
				E5BA364619EA4A8A00CB8165 /* CHHeader.m in Sources */,
				E5BA35FA19E70BDF00CB8165 /* CHSideMenu.m in Sources */,
				E5BA360919E845BE00CB8165 /* ToolTableViewController.m in Sources */,
				E5BA36BC19F0159000CB8165 /* AksStraightPieChart.m in Sources */,
				E5BA369C19EE33C200CB8165 /* Role.m in Sources */,
				E5BA360219E8417400CB8165 /* MainNavgationController.m in Sources */,
				E5BA367C19EC782000CB8165 /* MatchDetailView.m in Sources */,
				E5A4BE8E19DF118D000BFE8E /* AppDelegate.m in Sources */,
				E5BA363919E9A64800CB8165 /* RankTypeTableViewCell.m in Sources */,
				E5BA363619E9A33400CB8165 /* MainViewController.m in Sources */,
				E5BA362219E98C8200CB8165 /* HeroModel.m in Sources */,
				E5A4BE8B19DF118D000BFE8E /* main.m in Sources */,
				E5BA363C19E9A77A00CB8165 /* RankDetailViewController.m in Sources */,
				E5BA365119EA938000CB8165 /* RankDetailModel.m in Sources */,
				E5BA366D19EBD31900CB8165 /* MatchDetailViewController.m in Sources */,
				E5BA36B319EE42EB00CB8165 /* UIScrollView+MJExtension.m in Sources */,
				E5BA36B419EE42EB00CB8165 /* UIScrollView+MJRefresh.m in Sources */,
				E5BA35FE19E8190A00CB8165 /* SecondViewController.m in Sources */,
				E5BA35FB19E70BDF00CB8165 /* UIViewController+CHSideMenu.m in Sources */,
				E5BA360619E8457E00CB8165 /* ToolNavgationController.m in Sources */,
				E5BA361F19E9339900CB8165 /* HeroViewController.m in Sources */,
				E5BA36B819EE50D700CB8165 /* RecentModel.m in Sources */,
				E5BA367319EC028800CB8165 /* RoleModel.m in Sources */,
				E5BA34E119E3C22600CB8165 /* sigleMenu.m in Sources */,
				E5BA365819EAABB300CB8165 /* SettingTableViewController.m in Sources */,
				E5BA36B019EE42EB00CB8165 /* MJRefreshConst.m in Sources */,
				E5BA360D19E8510E00CB8165 /* SearchViewController.m in Sources */,
				E5BA365419EA957C00CB8165 /* RankDetailTableViewCell.m in Sources */,
				E5BA34DB19E3B87B00CB8165 /* SideMenuTableView.m in Sources */,
			);
			runOnlyForDeploymentPostprocessing = 0;
		};
		E5A4BE9A19DF118D000BFE8E /* Sources */ = {
			isa = PBXSourcesBuildPhase;
			buildActionMask = 2147483647;
			files = (
				E5A4BEA519DF118D000BFE8E /* _00___Tests.m in Sources */,
			);
			runOnlyForDeploymentPostprocessing = 0;
		};
/* End PBXSourcesBuildPhase section */

/* Begin PBXTargetDependency section */
		E5A4BEA019DF118D000BFE8E /* PBXTargetDependency */ = {
			isa = PBXTargetDependency;
			target = E5A4BE8419DF118D000BFE8E /* 300勇士盒 */;
			targetProxy = E5A4BE9F19DF118D000BFE8E /* PBXContainerItemProxy */;
		};
/* End PBXTargetDependency section */

/* Begin XCBuildConfiguration section */
		E5A4BEA619DF118D000BFE8E /* Debug */ = {
			isa = XCBuildConfiguration;
			buildSettings = {
				ALWAYS_SEARCH_USER_PATHS = NO;
				CLANG_CXX_LANGUAGE_STANDARD = "gnu++0x";
				CLANG_CXX_LIBRARY = "libc++";
				CLANG_ENABLE_MODULES = YES;
				CLANG_ENABLE_OBJC_ARC = YES;
				CLANG_WARN_BOOL_CONVERSION = YES;
				CLANG_WARN_CONSTANT_CONVERSION = YES;
				CLANG_WARN_DIRECT_OBJC_ISA_USAGE = YES_ERROR;
				CLANG_WARN_EMPTY_BODY = YES;
				CLANG_WARN_ENUM_CONVERSION = YES;
				CLANG_WARN_INT_CONVERSION = YES;
				CLANG_WARN_OBJC_ROOT_CLASS = YES_ERROR;
				CLANG_WARN_UNREACHABLE_CODE = YES;
				CLANG_WARN__DUPLICATE_METHOD_MATCH = YES;
				"CODE_SIGN_IDENTITY[sdk=iphoneos*]" = "iPhone Developer";
				COPY_PHASE_STRIP = NO;
				ENABLE_STRICT_OBJC_MSGSEND = YES;
				GCC_C_LANGUAGE_STANDARD = gnu99;
				GCC_DYNAMIC_NO_PIC = NO;
				GCC_OPTIMIZATION_LEVEL = 0;
				GCC_PREPROCESSOR_DEFINITIONS = (
					"DEBUG=1",
					"$(inherited)",
				);
				GCC_SYMBOLS_PRIVATE_EXTERN = NO;
				GCC_WARN_64_TO_32_BIT_CONVERSION = YES;
				GCC_WARN_ABOUT_RETURN_TYPE = YES_ERROR;
				GCC_WARN_UNDECLARED_SELECTOR = YES;
				GCC_WARN_UNINITIALIZED_AUTOS = YES_AGGRESSIVE;
				GCC_WARN_UNUSED_FUNCTION = YES;
				GCC_WARN_UNUSED_VARIABLE = YES;
				IPHONEOS_DEPLOYMENT_TARGET = 7.0;
				MTL_ENABLE_DEBUG_INFO = YES;
				ONLY_ACTIVE_ARCH = YES;
				SDKROOT = iphoneos;
			};
			name = Debug;
		};
		E5A4BEA719DF118D000BFE8E /* Release */ = {
			isa = XCBuildConfiguration;
			buildSettings = {
				ALWAYS_SEARCH_USER_PATHS = NO;
				CLANG_CXX_LANGUAGE_STANDARD = "gnu++0x";
				CLANG_CXX_LIBRARY = "libc++";
				CLANG_ENABLE_MODULES = YES;
				CLANG_ENABLE_OBJC_ARC = YES;
				CLANG_WARN_BOOL_CONVERSION = YES;
				CLANG_WARN_CONSTANT_CONVERSION = YES;
				CLANG_WARN_DIRECT_OBJC_ISA_USAGE = YES_ERROR;
				CLANG_WARN_EMPTY_BODY = YES;
				CLANG_WARN_ENUM_CONVERSION = YES;
				CLANG_WARN_INT_CONVERSION = YES;
				CLANG_WARN_OBJC_ROOT_CLASS = YES_ERROR;
				CLANG_WARN_UNREACHABLE_CODE = YES;
				CLANG_WARN__DUPLICATE_METHOD_MATCH = YES;
				"CODE_SIGN_IDENTITY[sdk=iphoneos*]" = "iPhone Developer";
				COPY_PHASE_STRIP = YES;
				ENABLE_NS_ASSERTIONS = NO;
				ENABLE_STRICT_OBJC_MSGSEND = YES;
				GCC_C_LANGUAGE_STANDARD = gnu99;
				GCC_WARN_64_TO_32_BIT_CONVERSION = YES;
				GCC_WARN_ABOUT_RETURN_TYPE = YES_ERROR;
				GCC_WARN_UNDECLARED_SELECTOR = YES;
				GCC_WARN_UNINITIALIZED_AUTOS = YES_AGGRESSIVE;
				GCC_WARN_UNUSED_FUNCTION = YES;
				GCC_WARN_UNUSED_VARIABLE = YES;
				IPHONEOS_DEPLOYMENT_TARGET = 7.0;
				MTL_ENABLE_DEBUG_INFO = NO;
				SDKROOT = iphoneos;
				VALIDATE_PRODUCT = YES;
			};
			name = Release;
		};
		E5A4BEA919DF118D000BFE8E /* Debug */ = {
			isa = XCBuildConfiguration;
			baseConfigurationReference = F963BBCE8E44CFC4BF79047E /* Pods.debug.xcconfig */;
			buildSettings = {
				ASSETCATALOG_COMPILER_APPICON_NAME = AppIcon;
				CODE_SIGN_IDENTITY = "iPhone Developer";
				INFOPLIST_FILE = "300勇士盒/Info.plist";
				IPHONEOS_DEPLOYMENT_TARGET = 7.1;
				LD_RUNPATH_SEARCH_PATHS = "$(inherited) @executable_path/Frameworks";
				PRODUCT_NAME = "$(TARGET_NAME)";
			};
			name = Debug;
		};
		E5A4BEAA19DF118D000BFE8E /* Release */ = {
			isa = XCBuildConfiguration;
			baseConfigurationReference = 2561E8561C542E44CC1EEBE1 /* Pods.release.xcconfig */;
			buildSettings = {
				ASSETCATALOG_COMPILER_APPICON_NAME = AppIcon;
				CODE_SIGN_IDENTITY = "iPhone Developer";
				INFOPLIST_FILE = "300勇士盒/Info.plist";
				IPHONEOS_DEPLOYMENT_TARGET = 7.1;
				LD_RUNPATH_SEARCH_PATHS = "$(inherited) @executable_path/Frameworks";
				PRODUCT_NAME = "$(TARGET_NAME)";
			};
			name = Release;
		};
		E5A4BEAC19DF118D000BFE8E /* Debug */ = {
			isa = XCBuildConfiguration;
			buildSettings = {
				BUNDLE_LOADER = "$(TEST_HOST)";
				FRAMEWORK_SEARCH_PATHS = (
					"$(SDKROOT)/Developer/Library/Frameworks",
					"$(inherited)",
				);
				GCC_PREPROCESSOR_DEFINITIONS = (
					"DEBUG=1",
					"$(inherited)",
				);
				INFOPLIST_FILE = "300勇士盒Tests/Info.plist";
				LD_RUNPATH_SEARCH_PATHS = "$(inherited) @executable_path/Frameworks @loader_path/Frameworks";
				PRODUCT_NAME = "$(TARGET_NAME)";
				TEST_HOST = "$(BUILT_PRODUCTS_DIR)/300勇士盒.app/300勇士盒";
			};
			name = Debug;
		};
		E5A4BEAD19DF118D000BFE8E /* Release */ = {
			isa = XCBuildConfiguration;
			buildSettings = {
				BUNDLE_LOADER = "$(TEST_HOST)";
				FRAMEWORK_SEARCH_PATHS = (
					"$(SDKROOT)/Developer/Library/Frameworks",
					"$(inherited)",
				);
				INFOPLIST_FILE = "300勇士盒Tests/Info.plist";
				LD_RUNPATH_SEARCH_PATHS = "$(inherited) @executable_path/Frameworks @loader_path/Frameworks";
				PRODUCT_NAME = "$(TARGET_NAME)";
				TEST_HOST = "$(BUILT_PRODUCTS_DIR)/300勇士盒.app/300勇士盒";
			};
			name = Release;
		};
/* End XCBuildConfiguration section */

/* Begin XCConfigurationList section */
		E5A4BE8019DF118D000BFE8E /* Build configuration list for PBXProject "300勇士盒" */ = {
			isa = XCConfigurationList;
			buildConfigurations = (
				E5A4BEA619DF118D000BFE8E /* Debug */,
				E5A4BEA719DF118D000BFE8E /* Release */,
			);
			defaultConfigurationIsVisible = 0;
			defaultConfigurationName = Release;
		};
		E5A4BEA819DF118D000BFE8E /* Build configuration list for PBXNativeTarget "300勇士盒" */ = {
			isa = XCConfigurationList;
			buildConfigurations = (
				E5A4BEA919DF118D000BFE8E /* Debug */,
				E5A4BEAA19DF118D000BFE8E /* Release */,
			);
			defaultConfigurationIsVisible = 0;
			defaultConfigurationName = Release;
		};
		E5A4BEAB19DF118D000BFE8E /* Build configuration list for PBXNativeTarget "300勇士盒Tests" */ = {
			isa = XCConfigurationList;
			buildConfigurations = (
				E5A4BEAC19DF118D000BFE8E /* Debug */,
				E5A4BEAD19DF118D000BFE8E /* Release */,
			);
			defaultConfigurationIsVisible = 0;
			defaultConfigurationName = Release;
		};
/* End XCConfigurationList section */
	};
	rootObject = E5A4BE7D19DF118D000BFE8E /* Project object */;
}
